version = 1
revision = 3
requires-python = ">=3.12"

[[package]]
name = "anyio"
version = "4.14.2"
source = { registry = "https://pypi.org/simple" }
dependencies = [
    { name = "idna" },
    { name = "typing-extensions", marker = "python_full_version < '3.13'" },
]
sdist = { url = "https://files.pythonhosted.org/packages/61/cc/a381afa6efea9f496eff839d4a6a1aed3bfafc7b3ab4b0d1b243a12573dd/anyio-4.14.2.tar.gz", hash = "sha256:cfa139f3ed1a23ee8f88a145ddb5ac7605b8bbfd8592baacd7ce3d8bb4313c7f", size = 260176, upload-time = "2026-07-12T20:29:07.082Z" }
wheels = [
    { url = "https://files.pythonhosted.org/packages/da/35/f2287558c17e29fafc8ef3daf819bb9834061cfa43bff8014f7df7f63bdc/anyio-4.14.2-py3-none-any.whl", hash = "sha256:9f505dda5ac9f0c8309b5e8bd445a8c2bf7246f3ce950121e45ea15bc41d1494", size = 125813, upload-time = "2026-07-12T20:29:05.763Z" },
]

[[package]]
name = "certifi"
version = "2026.7.22"
source = { registry = "https://pypi.org/simple" }
sdist = { url = "https://files.pythonhosted.org/packages/a3/c2/24167ea9858356b47a87a50d39908bfdb72ceeefe0041586e704e5376b3a/certifi-2026.7.22.tar.gz", hash = "sha256:741e2c3b351ddf169a738da9f2c048608ff7f2c5cc02f1ebc6b118bb090d5d55", size = 138112, upload-time = "2026-07-22T03:35:12.644Z" }
wheels = [
    { url = "https://files.pythonhosted.org/packages/0b/a7/71ac2cff56fec219ed242bb11b8efb69fcc4bec75db06fb7bfe35de520e6/certifi-2026.7.22-py3-none-any.whl", hash = "sha256:62f22742b58a1a33014a2b6b706588a8d7e2a88ae7bd1a6ebe8c992928483775", size = 136983, upload-time = "2026-07-22T03:35:11.276Z" },
]

[[package]]
name = "colorama"
version = "0.4.6"
source = { registry = "https://pypi.org/simple" }
sdist = { url = "https://files.pythonhosted.org/packages/d8/53/6f443c9a4a8358a93a6792e2acffb9d9d5cb0a5cfd8802644b7b1c9a02e4/colorama-0.4.6.tar.gz", hash = "sha256:08695f5cb7ed6e0531a20572697297273c47b8cae5a63ffc6d6ed5c201be6e44", size = 27697, upload-time = "2022-10-25T02:36:22.414Z" }
wheels = [
    { url = "https://files.pythonhosted.org/packages/d1/d6/3965ed04c63042e047cb6a3e6ed1a63a35087b6a609aa3a15ed8ac56c221/colorama-0.4.6-py2.py3-none-any.whl", hash = "sha256:4f1d9991f5acc0ca119f9d443620b77f9d6b33703e51011c16baf57afb285fc6", size = 25335, upload-time = "2022-10-25T02:36:20.889Z" },
]

[[package]]
name = "geoshelter"
version = "0.1.0"
source = { editable = "." }
dependencies = [
    { name = "httpx" },
    { name = "loguru" },
    { name = "pyqt6" },
    { name = "python-dotenv" },
    { name = "simplekml" },
]

[package.metadata]
requires-dist = [
    { name = "httpx", specifier = ">=0.28.1" },
    { name = "loguru", specifier = ">=0.7.3" },
    { name = "pyqt6", specifier = ">=6.11.0" },
    { name = "python-dotenv", specifier = ">=1.2.2" },
    { name = "simplekml", specifier = ">=1.3.6" },
]

[[package]]
name = "h11"
version = "0.16.0"
source = { registry = "https://pypi.org/simple" }
sdist = { url = "https://files.pythonhosted.org/packages/01/ee/02a2c011bdab74c6fb3c75474d40b3052059d95df7e73351460c8588d963/h11-0.16.0.tar.gz", hash = "sha256:4e35b956cf45792e4caa5885e69fba00bdbc6ffafbfa020300e549b208ee5ff1", size = 101250, upload-time = "2025-04-24T03:35:25.427Z" }
wheels = [
    { url = "https://files.pythonhosted.org/packages/04/4b/29cac41a4d98d144bf5f6d33995617b185d14b22401f75ca86f384e87ff1/h11-0.16.0-py3-none-any.whl", hash = "sha256:63cf8bbe7522de3bf65932fda1d9c2772064ffb3dae62d55932da54b31cb6c86", size = 37515, upload-time = "2025-04-24T03:35:24.344Z" },
]

[[package]]
name = "httpcore"
version = "1.0.9"
source = { registry = "https://pypi.org/simple" }
dependencies = [
    { name = "certifi" },
    { name = "h11" },
]
sdist = { url = "https://files.pythonhosted.org/packages/06/94/82699a10bca87a5556c9c59b5963f2d039dbd239f25bc2a63907a05a14cb/httpcore-1.0.9.tar.gz", hash = "sha256:6e34463af53fd2ab5d807f399a9b45ea31c3dfa2276f15a2c3f00afff6e176e8", size = 85484, upload-time = "2025-04-24T22:06:22.219Z" }
wheels = [
    { url = "https://files.pythonhosted.org/packages/7e/f5/f66802a942d491edb555dd61e3a9961140fd64c90bce1eafd741609d334d/httpcore-1.0.9-py3-none-any.whl", hash = "sha256:2d400746a40668fc9dec9810239072b40b4484b640a8c38fd654a024c7a1bf55", size = 78784, upload-time = "2025-04-24T22:06:20.566Z" },
]

[[package]]
name = "httpx"
version = "0.28.1"
source = { registry = "https://pypi.org/simple" }
dependencies = [
    { name = "anyio" },
    { name = "certifi" },
    { name = "httpcore" },
    { name = "idna" },
]
sdist = { url = "https://files.pythonhosted.org/packages/b1/df/48c586a5fe32a0f01324ee087459e112ebb7224f646c0b5023f5e79e9956/httpx-0.28.1.tar.gz", hash = "sha256:75e98c5f16b0f35b567856f597f06ff2270a374470a5c2392242528e3e3e42fc", size = 141406, upload-time = "2024-12-06T15:37:23.222Z" }
wheels = [
    { url = "https://files.pythonhosted.org/packages/2a/39/e50c7c3a983047577ee07d2a9e53faf5a69493943ec3f6a384bdc792deb2/httpx-0.28.1-py3-none-any.whl", hash = "sha256:d909fcccc110f8c7faf814ca82a9a4d816bc5a6dbfea25d6591d6985b8ba59ad", size = 73517, upload-time = "2024-12-06T15:37:21.509Z" },
]

[[package]]
name = "idna"
version = "3.18"
source = { registry = "https://pypi.org/simple" }
sdist = { url = "https://files.pythonhosted.org/packages/cd/63/9496c57188a2ee585e0f1db071d75089a11e98aa86eb99d9d7618fc1edce/idna-3.18.tar.gz", hash = "sha256:ffb385a7e039654cef1ab9ef32c6fafe283c0c0467bba1d9029738ce4a14a848", size = 196711, upload-time = "2026-06-02T14:34:07.794Z" }
wheels = [
    { url = "https://files.pythonhosted.org/packages/1e/5e/d4e9f1a599fb8e573b7b87160658329fbf28d19eac2718f51fc3def3aa5a/idna-3.18-py3-none-any.whl", hash = "sha256:7f952cbe720b688055e3f87de14f5c3e5fdaa8bc3928985c4077ca689de849a2", size = 65455, upload-time = "2026-06-02T14:34:06.319Z" },
]

[[package]]
name = "loguru"
version = "0.7.3"
source = { registry = "https://pypi.org/simple" }
dependencies = [
    { name = "colorama", marker = "sys_platform == 'win32'" },
    { name = "win32-setctime", marker = "sys_platform == 'win32'" },
]
sdist = { url = "https://files.pythonhosted.org/packages/3a/05/a1dae3dffd1116099471c643b8924f5aa6524411dc6c63fdae648c4f1aca/loguru-0.7.3.tar.gz", hash = "sha256:19480589e77d47b8d85b2c827ad95d49bf31b0dcde16593892eb51dd18706eb6", size = 63559, upload-time = "2024-12-06T11:20:56.608Z" }
wheels = [
    { url = "https://files.pythonhosted.org/packages/0c/29/0348de65b8cc732daa3e33e67806420b2ae89bdce2b04af740289c5c6c8c/loguru-0.7.3-py3-none-any.whl", hash = "sha256:31a33c10c8e1e10422bfd431aeb5d351c7cf7fa671e3c4df004162264b28220c", size = 61595, upload-time = "2024-12-06T11:20:54.538Z" },
]

[[package]]
name = "pyqt6"
version = "6.11.0"
source = { registry = "https://pypi.org/simple" }
dependencies = [
    { name = "pyqt6-qt6" },
    { name = "pyqt6-sip" },
]
sdist = { url = "https://files.pythonhosted.org/packages/8b/47/b25c13eca5bebc6505394d0223e46d7ebf0c57dcac2ed908d7d19b18ab6b/pyqt6-6.11.0.tar.gz", hash = "sha256:45dd60aa69976de1918b5ced6b4e7b6a25abd2a919ecef5fd5826ecc76718889", size = 1087430, upload-time = "2026-03-30T09:16:13.543Z" }
wheels = [
    { url = "https://files.pythonhosted.org/packages/33/44/fcd3dd3f64c83c96bf9bce76ec16cca64bd9b91702c3d08fd8e3dafc73d9/pyqt6-6.11.0-cp310-abi3-macosx_10_14_universal2.whl", hash = "sha256:f7100bc7f72b12581ec479a733f4ad11b8002668e6786e8a445ab6f4d1c743d4", size = 12429735, upload-time = "2026-03-30T09:16:03.713Z" },
    { url = "https://files.pythonhosted.org/packages/c3/a0/bd1399740dfa80c0a94d20b02d89962a31458233dcf70eaa09bfbccf3d0f/pyqt6-6.11.0-cp310-abi3-manylinux_2_34_x86_64.whl", hash = "sha256:8555277989fa7d114cb3c3443fd261d566909f7268ceedd41d93a5f02d37ec05", size = 8334632, upload-time = "2026-03-30T09:16:06.066Z" },
    { url = "https://files.pythonhosted.org/packages/d3/db/425b184ac2430ba1978bb507ffd285ec007a872644e2ae5df13332dbcb05/pyqt6-6.11.0-cp310-abi3-manylinux_2_39_aarch64.whl", hash = "sha256:0734959955adde095af9a074213a7f73386d1bbbddfc27346b4c0621641a692e", size = 8321484, upload-time = "2026-03-30T09:16:08.135Z" },
    { url = "https://files.pythonhosted.org/packages/6f/85/dd9f03d78d87460e109e0121cd6201c5802bdd655656bf2780e964870fea/pyqt6-6.11.0-cp310-abi3-win_amd64.whl", hash = "sha256:bd11b459c54dca068e988a42cf838303334f0d441b9d16d92ae6719fcb5ac6ba", size = 6844358, upload-time = "2026-03-30T09:16:09.766Z" },
    { url = "https://files.pythonhosted.org/packages/cd/75/970b041bde4372cc6739c5ef9db1de83a6b36e788e4992e598baa35b2255/pyqt6-6.11.0-cp310-abi3-win_arm64.whl", hash = "sha256:b6324e3501b19b4292c7a55b1f22e82d3e80e519e383ce4fe79b4a754c6f0288", size = 5933984, upload-time = "2026-03-30T09:16:11.817Z" },
]

[[package]]
name = "pyqt6-qt6"
version = "6.11.1"
source = { registry = "https://pypi.org/simple" }
wheels = [
    { url = "https://files.pythonhosted.org/packages/38/cb/ef930289bcd3b4be77a619d6b89ccdd0f53d753053a45f69ed590fd49777/pyqt6_qt6-6.11.1-py3-none-macosx_10_14_x86_64.whl", hash = "sha256:694486f18b7ab9b1edcdb50e0c9f5cb726e096107da90ae7b0e810f18e2002b3", size = 70402836, upload-time = "2026-05-15T11:18:24.893Z" },
    { url = "https://files.pythonhosted.org/packages/09/7d/d016af2de1975a0d90c9a911e3d82b2e8c8fe899f8af746ade42186f3845/pyqt6_qt6-6.11.1-py3-none-macosx_11_0_arm64.whl", hash = "sha256:fd05b31a3c83111b6eb82bb472ccfe531ef823f70d085b82fd1edc5ad2553c54", size = 64167714, upload-time = "2026-05-15T11:18:48.848Z" },
    { url = "https://files.pythonhosted.org/packages/e1/be/21d0df9bde717131f4245f8801676120d466afe198c4641c9e4982cf85fe/pyqt6_qt6-6.11.1-py3-none-manylinux_2_34_x86_64.whl", hash = "sha256:254af349e0ef4b2fa581f86ee9d65eb797bb1d4f0c01ae5ceaa7b2446b458be9", size = 85897589, upload-time = "2026-05-15T11:19:21.864Z" },
    { url = "https://files.pythonhosted.org/packages/08/69/f6b9cafceed9790c62a7ca3044562d38545bbfcfaf222846482ac2f9bd56/pyqt6_qt6-6.11.1-py3-none-manylinux_2_39_aarch64.whl", hash = "sha256:039b1ab619d63d06a87cacf84b581a2b61a30c9ad5bb677553e738afe4dc433a", size = 84996419, upload-time = "2026-05-15T11:19:52.647Z" },
    { url = "https://files.pythonhosted.org/packages/fa/f1/70e83c23bf897c7f5025aa100482f482038ef70232dc27b407659d941fbf/pyqt6_qt6-6.11.1-py3-none-win_amd64.whl", hash = "sha256:7486c80512e823f2d3087e67f854f0556b345f4368040a853c8dc4d30fd3fe69", size = 78416766, upload-time = "2026-05-15T11:20:20.588Z" },
    { url = "https://files.pythonhosted.org/packages/93/b0/9183ec9c206a0c3cba5719f0911e88a3486167137456a0f9318f07ce000d/pyqt6_qt6-6.11.1-py3-none-win_arm64.whl", hash = "sha256:120efbedf833e5bbbc3d64ebdb139b44ff34e60f34410c7b1c2c26d230380bda", size = 59961004, upload-time = "2026-05-15T11:20:49.065Z" },
]

[[package]]
name = "pyqt6-sip"
version = "13.12.0"
source = { registry = "https://pypi.org/simple" }
sdist = { url = "https://files.pythonhosted.org/packages/d1/23/16c583dbb6b53e0494dfcf7d1a44778c82e324edda62326727b37f1a5b34/pyqt6_sip-13.12.0.tar.gz", hash = "sha256:a7ad45c1e3cec3a2473d37ea9870b6c3baeccc560298623c8eb59265714c06e2", size = 93979, upload-time = "2026-08-02T12:04:47.231Z" }
wheels = [
    { url = "https://files.pythonhosted.org/packages/86/d0/2eb16fd24e50285536ad3786fd9353b6c6f9e3893d4e30e6fb340fe537f5/pyqt6_sip-13.12.0-cp312-cp312-macosx_10_9_universal2.whl", hash = "sha256:51352451de3a02ca5476c4248553550385a5df0c4e8a01efbef923fbdaddd79f", size = 112517, upload-time = "2026-08-02T12:04:27.385Z" },
    { url = "https://files.pythonhosted.org/packages/63/4c/3d4217383269153a3026e825dd109968561638d20394671e4dc8e13c6a95/pyqt6_sip-13.12.0-cp312-cp312-manylinux1_x86_64.manylinux_2_5_x86_64.whl", hash = "sha256:3476132fc5c85d7136eb14cb7d9e1909e9f5ee94a85d892e4ac244990ba541b3", size = 299556, upload-time = "2026-08-02T12:04:29.912Z" },
    { url = "https://files.pythonhosted.org/packages/90/4c/898dcfbfa116dbaf204376bc6aa67e76010b93dd2e0e3da25bcb5624956b/pyqt6_sip-13.12.0-cp312-cp312-manylinux_2_17_aarch64.manylinux2014_aarch64.whl", hash = "sha256:8427e9bdf03539b077c962b764dce98f2264a51a09879fe14cda7acdc1ba05eb", size = 321194, upload-time = "2026-08-02T12:04:28.458Z" },
    { url = "https://files.pythonhosted.org/packages/2a/58/caeb6b59c88b93ab30ceabbbb07b0efc50f8b0585876f4424f92addb85fe/pyqt6_sip-13.12.0-cp312-cp312-win_amd64.whl", hash = "sha256:fc40cda618f13e291e35271f29250b55b9b362755f6e22357d244fcbacd18e6c", size = 53341, upload-time = "2026-08-02T12:04:31.066Z" },
    { url = "https://files.pythonhosted.org/packages/cb/5d/8028ffa154a8243c942521adf50c452d21f889c7b7caab2865f79d60951a/pyqt6_sip-13.12.0-cp312-cp312-win_arm64.whl", hash = "sha256:543b9b210ca4278ee510f938d4b3d696b587b2b223c6cd1ba819c3cef3b67ea5", size = 48703, upload-time = "2026-08-02T12:04:32.021Z" },
    { url = "https://files.pythonhosted.org/packages/16/68/dd27f520678ff7b6cbafc54569d606409481b3bb251dbc0a9bb2a7423701/pyqt6_sip-13.12.0-cp313-cp313-macosx_10_13_universal2.whl", hash = "sha256:85ac64530f6e7362a853fea1ce50e91f026cb87b411abe7a9efe4edb844458fa", size = 112520, upload-time = "2026-08-02T12:04:33.107Z" },
    { url = "https://files.pythonhosted.org/packages/34/9a/3f8127196bb2e303914c92670590633a7b3141aca640dc0122c326366c3d/pyqt6_sip-13.12.0-cp313-cp313-manylinux1_x86_64.manylinux_2_5_x86_64.whl", hash = "sha256:5b5610a21401dbf97eaa82a2d35e727d3269ef370f299a892ff154f4b6f338ca", size = 299892, upload-time = "2026-08-02T12:04:35.614Z" },
    { url = "https://files.pythonhosted.org/packages/e4/56/2ec8cd46fb9ac112112792f879706afd4f2097f69dd8893627923110c30e/pyqt6_sip-13.12.0-cp313-cp313-manylinux_2_17_aarch64.manylinux2014_aarch64.whl", hash = "sha256:84b5df633e3c7bc5faaec18b71f45d297002ee258350f823648b6f447763524c", size = 321398, upload-time = "2026-08-02T12:04:34.296Z" },
    { url = "https://files.pythonhosted.org/packages/2d/63/f74d1de19822c69a5a6d0e9c59e06f05ab37e4502dbb17cea93d799ac0b6/pyqt6_sip-13.12.0-cp313-cp313-win_amd64.whl", hash = "sha256:99a9016b9f6f23e4446703ba2c2271b35a3ff2fd5115e607b9fac675774abea9", size = 53342, upload-time = "2026-08-02T12:04:36.717Z" },
    { url = "https://files.pythonhosted.org/packages/b3/48/3be6fa82006c8e7827bbdcdff9673c291e4da1ec5152a8404c4765b0a8c0/pyqt6_sip-13.12.0-cp313-cp313-win_arm64.whl", hash = "sha256:2431eef7617f7cd26d22789178a57a688ddbca814fd5215fbe577f4bf45569b8", size = 48714, upload-time = "2026-08-02T12:04:37.835Z" },
    { url = "https://files.pythonhosted.org/packages/ed/f8/7d9e8c559446d4fe738e3faebb75c0c172093a15dd6be29771aad8b012a9/pyqt6_sip-13.12.0-cp314-cp314-macosx_10_15_universal2.whl", hash = "sha256:beeebe34fdb4d2997310f60a618e332a7097db4f52ae970f5f0a6b8e7105cb18", size = 112587, upload-time = "2026-08-02T12:04:40.657Z" },
    { url = "https://files.pythonhosted.org/packages/c2/4b/b6f552e79b8d5c80370b9691a381d26e09d7b5fb9e434cb444b0b436f8a8/pyqt6_sip-13.12.0-cp314-cp314-manylinux1_x86_64.manylinux_2_5_x86_64.whl", hash = "sha256:309a69feb94dfc0bec7e224055db376b157ce6d88b94eb4076d2e913b4c62b47", size = 299624, upload-time = "2026-08-02T12:04:43.669Z" },
    { url = "https://files.pythonhosted.org/packages/14/ee/f7c22e6a43ce23bc05fc481f1e7c8dc3ba06e9870b045adc9377234b6fbd/pyqt6_sip-13.12.0-cp314-cp314-manylinux_2_17_aarch64.manylinux2014_aarch64.whl", hash = "sha256:0874073287e6d5b900768b95fca3f0ea23209c1bef5321bb2422f5dca455a899", size = 321825, upload-time = "2026-08-02T12:04:41.713Z" },
    { url = "https://files.pythonhosted.org/packages/c6/d3/30e57a4ceeb222348e60862183e3e7159490944b428230f728b465614928/pyqt6_sip-13.12.0-cp314-cp314-win_amd64.whl", hash = "sha256:9717fc4271e5d71e1cecadbb3340c3990ea9d58923fbf076b70cf8bc0f339639", size = 54971, upload-time = "2026-08-02T12:04:45.001Z" },
    { url = "https://files.pythonhosted.org/packages/1c/cb/806b3fcc7ab9dc77fc42a26dc010f7d87aa32c230af3ddebb958eed02e80/pyqt6_sip-13.12.0-cp314-cp314-win_arm64.whl", hash = "sha256:6815e719d1fd4c71c0d3ed85e7e91b615959d949dac7af6e3f11a29a3a565676", size = 49576, upload-time = "2026-08-02T12:04:46.074Z" },
]

[[package]]
name = "python-dotenv"
version = "1.2.2"
source = { registry = "https://pypi.org/simple" }
sdist = { url = "https://files.pythonhosted.org/packages/82/ed/0301aeeac3e5353ef3d94b6ec08bbcabd04a72018415dcb29e588514bba8/python_dotenv-1.2.2.tar.gz", hash = "sha256:2c371a91fbd7ba082c2c1dc1f8bf89ca22564a087c2c287cd9b662adde799cf3", size = 50135, upload-time = "2026-03-01T16:00:26.196Z" }
wheels = [
    { url = "https://files.pythonhosted.org/packages/0b/d7/1959b9648791274998a9c3526f6d0ec8fd2233e4d4acce81bbae76b44b2a/python_dotenv-1.2.2-py3-none-any.whl", hash = "sha256:1d8214789a24de455a8b8bd8ae6fe3c6b69a5e3d64aa8a8e5d68e694bbcb285a", size = 22101, upload-time = "2026-03-01T16:00:25.09Z" },
]

[[package]]
name = "simplekml"
version = "1.3.6"
source = { registry = "https://pypi.org/simple" }
sdist = { url = "https://files.pythonhosted.org/packages/15/e4/c333a93b7e3346437ad1ff42b8e362b853eb405ad6243ab6163f9af2a460/simplekml-1.3.6.tar.gz", hash = "sha256:cda687be2754395fcab664e908ebf589facd41e8436d233d2be37a69efb1c536", size = 52999, upload-time = "2021-09-16T17:08:27.038Z" }

[[package]]
name = "typing-extensions"
version = "4.16.0"
source = { registry = "https://pypi.org/simple" }
sdist = { url = "https://files.pythonhosted.org/packages/f6/cc/6253133b5bb138fc3306cebfbda2c520f545d36b5be2c7255cc528bb45d6/typing_extensions-4.16.0.tar.gz", hash = "sha256:dc983d19a509c94dba722ee6abd33940f7c05a89e243c47e907eb4db6f1a43e5", size = 113555, upload-time = "2026-07-02T08:40:05.92Z" }
wheels = [
    { url = "https://files.pythonhosted.org/packages/49/d3/b8441a820a491ddfc024b0b0cf0393375b75ea13866d9c66727e54c2fc80/typing_extensions-4.16.0-py3-none-any.whl", hash = "sha256:481caa481374e813c1b176ada14e97f1f67a4539ce9cfeb3f350d78d6370c2e8", size = 45571, upload-time = "2026-07-02T08:40:04.659Z" },
]

[[package]]
name = "win32-setctime"
version = "1.2.0"
source = { registry = "https://pypi.org/simple" }
sdist = { url = "https://files.pythonhosted.org/packages/b3/8f/705086c9d734d3b663af0e9bb3d4de6578d08f46b1b101c2442fd9aecaa2/win32_setctime-1.2.0.tar.gz", hash = "sha256:ae1fdf948f5640aae05c511ade119313fb6a30d7eabe25fef9764dca5873c4c0", size = 4867, upload-time = "2024-12-07T15:28:28.314Z" }
wheels = [
    { url = "https://files.pythonhosted.org/packages/e1/07/c6fe3ad3e685340704d314d765b7912993bcb8dc198f0e7a89382d37974b/win32_setctime-1.2.0-py3-none-any.whl", hash = "sha256:95d644c4e708aba81dc3704a116d8cbc974d70b3bdb8be1d150e36be6e9d1390", size = 4083, upload-time = "2024-12-07T15:28:26.465Z" },
]
